
Microsoft Visual Studio Solution File, Format Version 12.00
# Visual Studio 15
VisualStudioVersion = 15.0.27428.2043
MinimumVisualStudioVersion = 10.0.40219.1
Project("{FAE04EC0-301F-11D3-BF4B-00C04F79EFBC}") = "File Watcher", "File Watcher\File Watcher.csproj", "{B05CB630-8488-4A8C-8CAC-F62E4BCE67F4}"
EndProject
Global
	GlobalSection(SolutionConfigurationPlatforms) = preSolution
		Debug|Any CPU = Debug|Any CPU
		Debug|x64 = Debug|x64
		Release|Any CPU = Release|Any CPU
		Release|x64 = Release|x64
	EndGlobalSection
	GlobalSection(ProjectConfigurationPlatforms) = postSolution
		{B05CB630-8488-4A8C-8CAC-F62E4BCE67F4}.Debug|Any CPU.ActiveCfg = Debug|Any CPU
		{B05CB630-8488-4A8C-8CAC-F62E4BCE67F4}.Debug|Any CPU.Build.0 = Debug|Any CPU
		{B05CB630-8488-4A8C-8CAC-F62E4BCE67F4}.Debug|x64.ActiveCfg = Debug|x64
		{B05CB630-8488-4A8C-8CAC-F62E4BCE67F4}.Debug|x64.Build.0 = Debug|x64
		{B05CB630-8488-4A8C-8CAC-F62E4BCE67F4}.Release|Any CPU.ActiveCfg = Debug|Any CPU
		{B05CB630-8488-4A8C-8CAC-F62E4BCE67F4}.Release|Any CPU.Build.0 = Debug|Any CPU
		{B05CB630-8488-4A8C-8CAC-F62E4BCE67F4}.Release|x64.ActiveCfg = Debug|x64
		{B05CB630-8488-4A8C-8CAC-F62E4BCE67F4}.Release|x64.Build.0 = Debug|x64
	EndGlobalSection
	GlobalSection(SolutionProperties) = preSolution
		HideSolutionNode = FALSE
	EndGlobalSection
	GlobalSection(ExtensibilityGlobals) = postSolution
		SolutionGuid = {A719CF25-64DF-4528-BFE9-CD46D2C6190E}
	EndGlobalSection
EndGlobal
