Microsoft Visual Studio Solution File, Format Version 11.00
# Visual Studio 2010
Project("{FAE04EC0-301F-11D3-BF4B-00C04F79EFBC}") = "Assembly-CSharp", "Assembly-CSharp.csproj", "{C69866CC-A3F7-34C7-E731-DD84887AB3F3}"
EndProject
Project("{FAE04EC0-301F-11D3-BF4B-00C04F79EFBC}") = "Assembly-CSharp-Editor", "Assembly-CSharp-Editor.csproj", "{2DF861B8-41B5-304F-5980-E76E29B1B308}"
EndProject
Global
	GlobalSection(SolutionConfigurationPlatforms) = preSolution
		Debug|Any CPU = Debug|Any CPU
		Release|Any CPU = Release|Any CPU
	EndGlobalSection
	GlobalSection(ProjectConfigurationPlatforms) = postSolution
		{C69866CC-A3F7-34C7-E731-DD84887AB3F3}.Debug|Any CPU.ActiveCfg = Debug|Any CPU
		{C69866CC-A3F7-34C7-E731-DD84887AB3F3}.Debug|Any CPU.Build.0 = Debug|Any CPU
		{C69866CC-A3F7-34C7-E731-DD84887AB3F3}.Release|Any CPU.ActiveCfg = Release|Any CPU
		{C69866CC-A3F7-34C7-E731-DD84887AB3F3}.Release|Any CPU.Build.0 = Release|Any CPU
		{2DF861B8-41B5-304F-5980-E76E29B1B308}.Debug|Any CPU.ActiveCfg = Debug|Any CPU
		{2DF861B8-41B5-304F-5980-E76E29B1B308}.Debug|Any CPU.Build.0 = Debug|Any CPU
		{2DF861B8-41B5-304F-5980-E76E29B1B308}.Release|Any CPU.ActiveCfg = Release|Any CPU
		{2DF861B8-41B5-304F-5980-E76E29B1B308}.Release|Any CPU.Build.0 = Release|Any CPU
	EndGlobalSection
	GlobalSection(SolutionProperties) = preSolution
		HideSolutionNode = FALSE
	EndGlobalSection
	GlobalSection(MonoDevelopProperties) = preSolution
		StartupItem = Assembly-CSharp.csproj
	EndGlobalSection
EndGlobal
